{
  "name": "rmh",
  "version": "1.0.0",
  "lockfileVersion": 2,
  "requires": true,
  "packages": {
    "": {
      "name": "rmh",
      "version": "1.0.0",
      "license": "ISC",
      "dependencies": {
        "uuid": "npm:null@*"
      }
    },
    "node_modules/uuid": {}
  },
  "dependencies": {
    "uuid": {}
  }
}
